
Microsoft Visual Studio Solution File, Format Version 12.00
# Visual Studio 15
VisualStudioVersion = 15.0.27703.2000
MinimumVisualStudioVersion = 10.0.40219.1
Project("{FAE04EC0-301F-11D3-BF4B-00C04F79EFBC}") = "Gourmet", "Gourmet\Gourmet.csproj", "{8B7A5BFF-AF72-4C2E-8966-8C6288997CF6}"
EndProject
Global
	GlobalSection(SolutionConfigurationPlatforms) = preSolution
		Debug|Any CPU = Debug|Any CPU
		Release|Any CPU = Release|Any CPU
	EndGlobalSection
	GlobalSection(ProjectConfigurationPlatforms) = postSolution
		{8B7A5BFF-AF72-4C2E-8966-8C6288997CF6}.Debug|Any CPU.ActiveCfg = Debug|Any CPU
		{8B7A5BFF-AF72-4C2E-8966-8C6288997CF6}.Debug|Any CPU.Build.0 = Debug|Any CPU
		{8B7A5BFF-AF72-4C2E-8966-8C6288997CF6}.Release|Any CPU.ActiveCfg = Release|Any CPU
		{8B7A5BFF-AF72-4C2E-8966-8C6288997CF6}.Release|Any CPU.Build.0 = Release|Any CPU
	EndGlobalSection
	GlobalSection(SolutionProperties) = preSolution
		HideSolutionNode = FALSE
	EndGlobalSection
	GlobalSection(ExtensibilityGlobals) = postSolution
		SolutionGuid = {54E53B4B-8A46-492C-858A-E0DB2308417A}
	EndGlobalSection
EndGlobal
