
Microsoft Visual Studio Solution File, Format Version 12.00
# Visual Studio 15
VisualStudioVersion = 15.0.27703.2000
MinimumVisualStudioVersion = 10.0.40219.1
Project("{FAE04EC0-301F-11D3-BF4B-00C04F79EFBC}") = "GourmetExpressions", "GourmetExpressions\GourmetExpressions.csproj", "{4EEE579C-B1CB-433E-BA6E-AB76C27FEAFA}"
EndProject
Global
	GlobalSection(SolutionConfigurationPlatforms) = preSolution
		Debug|Any CPU = Debug|Any CPU
		Release|Any CPU = Release|Any CPU
	EndGlobalSection
	GlobalSection(ProjectConfigurationPlatforms) = postSolution
		{4EEE579C-B1CB-433E-BA6E-AB76C27FEAFA}.Debug|Any CPU.ActiveCfg = Debug|Any CPU
		{4EEE579C-B1CB-433E-BA6E-AB76C27FEAFA}.Debug|Any CPU.Build.0 = Debug|Any CPU
		{4EEE579C-B1CB-433E-BA6E-AB76C27FEAFA}.Release|Any CPU.ActiveCfg = Release|Any CPU
		{4EEE579C-B1CB-433E-BA6E-AB76C27FEAFA}.Release|Any CPU.Build.0 = Release|Any CPU
	EndGlobalSection
	GlobalSection(SolutionProperties) = preSolution
		HideSolutionNode = FALSE
	EndGlobalSection
	GlobalSection(ExtensibilityGlobals) = postSolution
		SolutionGuid = {11B4BE81-4BC1-4FCF-8B8D-EEA876934074}
	EndGlobalSection
EndGlobal
